
Microsoft Visual Studio Solution File, Format Version 12.00
Project("{FAE04EC0-301F-11D3-BF4B-00C04F79EFBC}") = "WaitAndChill", "WaitAndChill\WaitAndChill.csproj", "{E9FFCEDC-9CDD-4CA5-9BA9-393D12FCD0CB}"
EndProject
Global
	GlobalSection(SolutionConfigurationPlatforms) = preSolution
		Debug|Any CPU = Debug|Any CPU
		Release|Any CPU = Release|Any CPU
	EndGlobalSection
	GlobalSection(ProjectConfigurationPlatforms) = postSolution
		{E9FFCEDC-9CDD-4CA5-9BA9-393D12FCD0CB}.Debug|Any CPU.ActiveCfg = Debug|Any CPU
		{E9FFCEDC-9CDD-4CA5-9BA9-393D12FCD0CB}.Debug|Any CPU.Build.0 = Debug|Any CPU
		{E9FFCEDC-9CDD-4CA5-9BA9-393D12FCD0CB}.Release|Any CPU.ActiveCfg = Release|Any CPU
		{E9FFCEDC-9CDD-4CA5-9BA9-393D12FCD0CB}.Release|Any CPU.Build.0 = Release|Any CPU
	EndGlobalSection
EndGlobal
